// !$*UTF8*$!
{
	archiveVersion = 1;
	classes = {
	};
	objectVersion = 56;
	objects = {

/* Begin PBXBuildFile section */
		E97E26782C1ADC8A00F2C564 /* ReminderViewController+CellConfiguration.swift in Sources */ = {isa = PBXBuildFile; fileRef = E97E26772C1ADC8A00F2C564 /* ReminderViewController+CellConfiguration.swift */; };
		E97E267B2C1ADEDE00F2C564 /* UIView+PinnedSubView.swift in Sources */ = {isa = PBXBuildFile; fileRef = E97E267A2C1ADEDE00F2C564 /* UIView+PinnedSubView.swift */; };
		E97E267D2C1AE0AF00F2C564 /* TextFieldContentView.swift in Sources */ = {isa = PBXBuildFile; fileRef = E97E267C2C1AE0AF00F2C564 /* TextFieldContentView.swift */; };
		E97E267F2C1AE1C000F2C564 /* UIContentConfiguration+Stateless.swift in Sources */ = {isa = PBXBuildFile; fileRef = E97E267E2C1AE1C000F2C564 /* UIContentConfiguration+Stateless.swift */; };
		E97E26812C1AE86800F2C564 /* TextViewContentView.swift in Sources */ = {isa = PBXBuildFile; fileRef = E97E26802C1AE86800F2C564 /* TextViewContentView.swift */; };
		E97E26832C1AEDBC00F2C564 /* DatePickerContentView.swift in Sources */ = {isa = PBXBuildFile; fileRef = E97E26822C1AEDBC00F2C564 /* DatePickerContentView.swift */; };
		E97E26852C1B5E4200F2C564 /* ReminderListStyle.swift in Sources */ = {isa = PBXBuildFile; fileRef = E97E26842C1B5E4200F2C564 /* ReminderListStyle.swift */; };
		E97E26872C1B68EF00F2C564 /* ProgressHeaderView.swift in Sources */ = {isa = PBXBuildFile; fileRef = E97E26862C1B68EF00F2C564 /* ProgressHeaderView.swift */; };
		E97E26892C1B772600F2C564 /* CAGradientLayer+ListStyle.swift in Sources */ = {isa = PBXBuildFile; fileRef = E97E26882C1B772600F2C564 /* CAGradientLayer+ListStyle.swift */; };
		E97E268B2C1B7A3100F2C564 /* TodayError.swift in Sources */ = {isa = PBXBuildFile; fileRef = E97E268A2C1B7A3100F2C564 /* TodayError.swift */; };
		E97E268D2C1B7ACF00F2C564 /* EKEventStore+AsyncFetch.swift .swift in Sources */ = {isa = PBXBuildFile; fileRef = E97E268C2C1B7ACF00F2C564 /* EKEventStore+AsyncFetch.swift .swift */; };
		E97E268F2C1B7C1E00F2C564 /* Reminder+EKReminder.swift in Sources */ = {isa = PBXBuildFile; fileRef = E97E268E2C1B7C1E00F2C564 /* Reminder+EKReminder.swift */; };
		E97E26912C1B7D6C00F2C564 /* ReminderStore.swift .swift in Sources */ = {isa = PBXBuildFile; fileRef = E97E26902C1B7D6C00F2C564 /* ReminderStore.swift .swift */; };
		E97E26932C1B8A0400F2C564 /* EKReminder+Reminder.swift .swift in Sources */ = {isa = PBXBuildFile; fileRef = E97E26922C1B8A0400F2C564 /* EKReminder+Reminder.swift .swift */; };
		E9F05E6D2C197BEA00D61413 /* AppDelegate.swift in Sources */ = {isa = PBXBuildFile; fileRef = E9F05E6C2C197BEA00D61413 /* AppDelegate.swift */; };
		E9F05E6F2C197BEA00D61413 /* SceneDelegate.swift in Sources */ = {isa = PBXBuildFile; fileRef = E9F05E6E2C197BEA00D61413 /* SceneDelegate.swift */; };
		E9F05E712C197BEA00D61413 /* ReminderListViewController.swift in Sources */ = {isa = PBXBuildFile; fileRef = E9F05E702C197BEA00D61413 /* ReminderListViewController.swift */; };
		E9F05E742C197BEA00D61413 /* Base in Resources */ = {isa = PBXBuildFile; fileRef = E9F05E732C197BEA00D61413 /* Base */; };
		E9F05E762C197BEB00D61413 /* Assets.xcassets in Resources */ = {isa = PBXBuildFile; fileRef = E9F05E752C197BEB00D61413 /* Assets.xcassets */; };
		E9F05E792C197BEB00D61413 /* Base in Resources */ = {isa = PBXBuildFile; fileRef = E9F05E782C197BEB00D61413 /* Base */; };
		E9F05E832C197D9700D61413 /* Reminder.swift in Sources */ = {isa = PBXBuildFile; fileRef = E9F05E822C197D9700D61413 /* Reminder.swift */; };
		E9F05E852C198AE700D61413 /* Date+Today.swift in Sources */ = {isa = PBXBuildFile; fileRef = E9F05E842C198AE700D61413 /* Date+Today.swift */; };
		E9F05E882C198D7E00D61413 /* ReminderListViewController+DataSource.swift in Sources */ = {isa = PBXBuildFile; fileRef = E9F05E872C198D7E00D61413 /* ReminderListViewController+DataSource.swift */; };
		E9F05E8A2C19A47400D61413 /* ReminderDoneButton.swift in Sources */ = {isa = PBXBuildFile; fileRef = E9F05E892C19A47400D61413 /* ReminderDoneButton.swift */; };
		E9F05E8C2C19A58500D61413 /* ReminderListViewController+Actions.swift in Sources */ = {isa = PBXBuildFile; fileRef = E9F05E8B2C19A58500D61413 /* ReminderListViewController+Actions.swift */; };
		E9F05E912C19D05A00D61413 /* ReminderViewController.swift in Sources */ = {isa = PBXBuildFile; fileRef = E9F05E902C19D05A00D61413 /* ReminderViewController.swift */; };
		E9F05E932C19D1C000D61413 /* ReminderViewController+Row.swift in Sources */ = {isa = PBXBuildFile; fileRef = E9F05E922C19D1C000D61413 /* ReminderViewController+Row.swift */; };
		E9F05E952C19EE3E00D61413 /* ReminderViewController+Section.swift in Sources */ = {isa = PBXBuildFile; fileRef = E9F05E942C19EE3E00D61413 /* ReminderViewController+Section.swift */; };
/* End PBXBuildFile section */

/* Begin PBXFileReference section */
		E97E26772C1ADC8A00F2C564 /* ReminderViewController+CellConfiguration.swift */ = {isa = PBXFileReference; lastKnownFileType = sourcecode.swift; path = "ReminderViewController+CellConfiguration.swift"; sourceTree = "<group>"; };
		E97E267A2C1ADEDE00F2C564 /* UIView+PinnedSubView.swift */ = {isa = PBXFileReference; lastKnownFileType = sourcecode.swift; path = "UIView+PinnedSubView.swift"; sourceTree = "<group>"; };
		E97E267C2C1AE0AF00F2C564 /* TextFieldContentView.swift */ = {isa = PBXFileReference; lastKnownFileType = sourcecode.swift; path = TextFieldContentView.swift; sourceTree = "<group>"; };
		E97E267E2C1AE1C000F2C564 /* UIContentConfiguration+Stateless.swift */ = {isa = PBXFileReference; lastKnownFileType = sourcecode.swift; path = "UIContentConfiguration+Stateless.swift"; sourceTree = "<group>"; };
		E97E26802C1AE86800F2C564 /* TextViewContentView.swift */ = {isa = PBXFileReference; lastKnownFileType = sourcecode.swift; path = TextViewContentView.swift; sourceTree = "<group>"; };
		E97E26822C1AEDBC00F2C564 /* DatePickerContentView.swift */ = {isa = PBXFileReference; lastKnownFileType = sourcecode.swift; path = DatePickerContentView.swift; sourceTree = "<group>"; };
		E97E26842C1B5E4200F2C564 /* ReminderListStyle.swift */ = {isa = PBXFileReference; lastKnownFileType = sourcecode.swift; path = ReminderListStyle.swift; sourceTree = "<group>"; };
		E97E26862C1B68EF00F2C564 /* ProgressHeaderView.swift */ = {isa = PBXFileReference; lastKnownFileType = sourcecode.swift; path = ProgressHeaderView.swift; sourceTree = "<group>"; };
		E97E26882C1B772600F2C564 /* CAGradientLayer+ListStyle.swift */ = {isa = PBXFileReference; lastKnownFileType = sourcecode.swift; path = "CAGradientLayer+ListStyle.swift"; sourceTree = "<group>"; };
		E97E268A2C1B7A3100F2C564 /* TodayError.swift */ = {isa = PBXFileReference; lastKnownFileType = sourcecode.swift; path = TodayError.swift; sourceTree = "<group>"; };
		E97E268C2C1B7ACF00F2C564 /* EKEventStore+AsyncFetch.swift .swift */ = {isa = PBXFileReference; lastKnownFileType = sourcecode.swift; path = "EKEventStore+AsyncFetch.swift .swift"; sourceTree = "<group>"; };
		E97E268E2C1B7C1E00F2C564 /* Reminder+EKReminder.swift */ = {isa = PBXFileReference; lastKnownFileType = sourcecode.swift; path = "Reminder+EKReminder.swift"; sourceTree = "<group>"; };
		E97E26902C1B7D6C00F2C564 /* ReminderStore.swift .swift */ = {isa = PBXFileReference; lastKnownFileType = sourcecode.swift; path = "ReminderStore.swift .swift"; sourceTree = "<group>"; };
		E97E26922C1B8A0400F2C564 /* EKReminder+Reminder.swift .swift */ = {isa = PBXFileReference; lastKnownFileType = sourcecode.swift; path = "EKReminder+Reminder.swift .swift"; sourceTree = "<group>"; };
		E9F05E692C197BEA00D61413 /* Today.app */ = {isa = PBXFileReference; explicitFileType = wrapper.application; includeInIndex = 0; path = Today.app; sourceTree = BUILT_PRODUCTS_DIR; };
		E9F05E6C2C197BEA00D61413 /* AppDelegate.swift */ = {isa = PBXFileReference; lastKnownFileType = sourcecode.swift; path = AppDelegate.swift; sourceTree = "<group>"; };
		E9F05E6E2C197BEA00D61413 /* SceneDelegate.swift */ = {isa = PBXFileReference; lastKnownFileType = sourcecode.swift; path = SceneDelegate.swift; sourceTree = "<group>"; };
		E9F05E702C197BEA00D61413 /* ReminderListViewController.swift */ = {isa = PBXFileReference; lastKnownFileType = sourcecode.swift; path = ReminderListViewController.swift; sourceTree = "<group>"; };
		E9F05E732C197BEA00D61413 /* Base */ = {isa = PBXFileReference; lastKnownFileType = file.storyboard; name = Base; path = Base.lproj/Main.storyboard; sourceTree = "<group>"; };
		E9F05E752C197BEB00D61413 /* Assets.xcassets */ = {isa = PBXFileReference; lastKnownFileType = folder.assetcatalog; path = Assets.xcassets; sourceTree = "<group>"; };
		E9F05E782C197BEB00D61413 /* Base */ = {isa = PBXFileReference; lastKnownFileType = file.storyboard; name = Base; path = Base.lproj/LaunchScreen.storyboard; sourceTree = "<group>"; };
		E9F05E7A2C197BEB00D61413 /* Info.plist */ = {isa = PBXFileReference; lastKnownFileType = text.plist.xml; path = Info.plist; sourceTree = "<group>"; };
		E9F05E822C197D9700D61413 /* Reminder.swift */ = {isa = PBXFileReference; lastKnownFileType = sourcecode.swift; path = Reminder.swift; sourceTree = "<group>"; };
		E9F05E842C198AE700D61413 /* Date+Today.swift */ = {isa = PBXFileReference; lastKnownFileType = sourcecode.swift; path = "Date+Today.swift"; sourceTree = "<group>"; };
		E9F05E872C198D7E00D61413 /* ReminderListViewController+DataSource.swift */ = {isa = PBXFileReference; lastKnownFileType = sourcecode.swift; path = "ReminderListViewController+DataSource.swift"; sourceTree = "<group>"; };
		E9F05E892C19A47400D61413 /* ReminderDoneButton.swift */ = {isa = PBXFileReference; lastKnownFileType = sourcecode.swift; path = ReminderDoneButton.swift; sourceTree = "<group>"; };
		E9F05E8B2C19A58500D61413 /* ReminderListViewController+Actions.swift */ = {isa = PBXFileReference; lastKnownFileType = sourcecode.swift; path = "ReminderListViewController+Actions.swift"; sourceTree = "<group>"; };
		E9F05E902C19D05A00D61413 /* ReminderViewController.swift */ = {isa = PBXFileReference; lastKnownFileType = sourcecode.swift; path = ReminderViewController.swift; sourceTree = "<group>"; };
		E9F05E922C19D1C000D61413 /* ReminderViewController+Row.swift */ = {isa = PBXFileReference; lastKnownFileType = sourcecode.swift; path = "ReminderViewController+Row.swift"; sourceTree = "<group>"; };
		E9F05E942C19EE3E00D61413 /* ReminderViewController+Section.swift */ = {isa = PBXFileReference; lastKnownFileType = sourcecode.swift; path = "ReminderViewController+Section.swift"; sourceTree = "<group>"; };
/* End PBXFileReference section */

/* Begin PBXFrameworksBuildPhase section */
		E9F05E662C197BEA00D61413 /* Frameworks */ = {
			isa = PBXFrameworksBuildPhase;
			buildActionMask = 2147483647;
			files = (
			);
			runOnlyForDeploymentPostprocessing = 0;
		};
/* End PBXFrameworksBuildPhase section */

/* Begin PBXGroup section */
		E97E26792C1ADE7600F2C564 /* ContentViews */ = {
			isa = PBXGroup;
			children = (
				E97E267A2C1ADEDE00F2C564 /* UIView+PinnedSubView.swift */,
				E97E267C2C1AE0AF00F2C564 /* TextFieldContentView.swift */,
				E97E267E2C1AE1C000F2C564 /* UIContentConfiguration+Stateless.swift */,
				E97E26802C1AE86800F2C564 /* TextViewContentView.swift */,
				E97E26822C1AEDBC00F2C564 /* DatePickerContentView.swift */,
			);
			path = ContentViews;
			sourceTree = "<group>";
		};
		E9F05E602C197BEA00D61413 = {
			isa = PBXGroup;
			children = (
				E9F05E6B2C197BEA00D61413 /* Today */,
				E9F05E6A2C197BEA00D61413 /* Products */,
			);
			sourceTree = "<group>";
		};
		E9F05E6A2C197BEA00D61413 /* Products */ = {
			isa = PBXGroup;
			children = (
				E9F05E692C197BEA00D61413 /* Today.app */,
			);
			name = Products;
			sourceTree = "<group>";
		};
		E9F05E6B2C197BEA00D61413 /* Today */ = {
			isa = PBXGroup;
			children = (
				E97E26792C1ADE7600F2C564 /* ContentViews */,
				E9F05E8F2C19D02F00D61413 /* DetailViewController */,
				E9F05E862C198D3D00D61413 /* ListViewController */,
				E9F05E812C197D7500D61413 /* Models */,
				E9F05E6C2C197BEA00D61413 /* AppDelegate.swift */,
				E9F05E6E2C197BEA00D61413 /* SceneDelegate.swift */,
				E9F05E722C197BEA00D61413 /* Main.storyboard */,
				E9F05E752C197BEB00D61413 /* Assets.xcassets */,
				E9F05E772C197BEB00D61413 /* LaunchScreen.storyboard */,
				E9F05E7A2C197BEB00D61413 /* Info.plist */,
			);
			path = Today;
			sourceTree = "<group>";
		};
		E9F05E812C197D7500D61413 /* Models */ = {
			isa = PBXGroup;
			children = (
				E9F05E822C197D9700D61413 /* Reminder.swift */,
				E9F05E842C198AE700D61413 /* Date+Today.swift */,
				E97E26842C1B5E4200F2C564 /* ReminderListStyle.swift */,
				E97E26882C1B772600F2C564 /* CAGradientLayer+ListStyle.swift */,
				E97E268A2C1B7A3100F2C564 /* TodayError.swift */,
				E97E268C2C1B7ACF00F2C564 /* EKEventStore+AsyncFetch.swift .swift */,
				E97E268E2C1B7C1E00F2C564 /* Reminder+EKReminder.swift */,
				E97E26902C1B7D6C00F2C564 /* ReminderStore.swift .swift */,
				E97E26922C1B8A0400F2C564 /* EKReminder+Reminder.swift .swift */,
			);
			path = Models;
			sourceTree = "<group>";
		};
		E9F05E862C198D3D00D61413 /* ListViewController */ = {
			isa = PBXGroup;
			children = (
				E9F05E702C197BEA00D61413 /* ReminderListViewController.swift */,
				E9F05E872C198D7E00D61413 /* ReminderListViewController+DataSource.swift */,
				E9F05E892C19A47400D61413 /* ReminderDoneButton.swift */,
				E9F05E8B2C19A58500D61413 /* ReminderListViewController+Actions.swift */,
				E97E26862C1B68EF00F2C564 /* ProgressHeaderView.swift */,
			);
			path = ListViewController;
			sourceTree = "<group>";
		};
		E9F05E8F2C19D02F00D61413 /* DetailViewController */ = {
			isa = PBXGroup;
			children = (
				E9F05E902C19D05A00D61413 /* ReminderViewController.swift */,
				E9F05E922C19D1C000D61413 /* ReminderViewController+Row.swift */,
				E9F05E942C19EE3E00D61413 /* ReminderViewController+Section.swift */,
				E97E26772C1ADC8A00F2C564 /* ReminderViewController+CellConfiguration.swift */,
			);
			path = DetailViewController;
			sourceTree = "<group>";
		};
/* End PBXGroup section */

/* Begin PBXNativeTarget section */
		E9F05E682C197BEA00D61413 /* Today */ = {
			isa = PBXNativeTarget;
			buildConfigurationList = E9F05E7D2C197BEB00D61413 /* Build configuration list for PBXNativeTarget "Today" */;
			buildPhases = (
				E9F05E652C197BEA00D61413 /* Sources */,
				E9F05E662C197BEA00D61413 /* Frameworks */,
				E9F05E672C197BEA00D61413 /* Resources */,
			);
			buildRules = (
			);
			dependencies = (
			);
			name = Today;
			productName = Today;
			productReference = E9F05E692C197BEA00D61413 /* Today.app */;
			productType = "com.apple.product-type.application";
		};
/* End PBXNativeTarget section */

/* Begin PBXProject section */
		E9F05E612C197BEA00D61413 /* Project object */ = {
			isa = PBXProject;
			attributes = {
				BuildIndependentTargetsInParallel = 1;
				LastSwiftUpdateCheck = 1540;
				LastUpgradeCheck = 1540;
				TargetAttributes = {
					E9F05E682C197BEA00D61413 = {
						CreatedOnToolsVersion = 15.4;
					};
				};
			};
			buildConfigurationList = E9F05E642C197BEA00D61413 /* Build configuration list for PBXProject "Today" */;
			compatibilityVersion = "Xcode 14.0";
			developmentRegion = en;
			hasScannedForEncodings = 0;
			knownRegions = (
				en,
				Base,
			);
			mainGroup = E9F05E602C197BEA00D61413;
			productRefGroup = E9F05E6A2C197BEA00D61413 /* Products */;
			projectDirPath = "";
			projectRoot = "";
			targets = (
				E9F05E682C197BEA00D61413 /* Today */,
			);
		};
/* End PBXProject section */

/* Begin PBXResourcesBuildPhase section */
		E9F05E672C197BEA00D61413 /* Resources */ = {
			isa = PBXResourcesBuildPhase;
			buildActionMask = 2147483647;
			files = (
				E9F05E762C197BEB00D61413 /* Assets.xcassets in Resources */,
				E9F05E792C197BEB00D61413 /* Base in Resources */,
				E9F05E742C197BEA00D61413 /* Base in Resources */,
			);
			runOnlyForDeploymentPostprocessing = 0;
		};
/* End PBXResourcesBuildPhase section */

/* Begin PBXSourcesBuildPhase section */
		E9F05E652C197BEA00D61413 /* Sources */ = {
			isa = PBXSourcesBuildPhase;
			buildActionMask = 2147483647;
			files = (
				E9F05E8C2C19A58500D61413 /* ReminderListViewController+Actions.swift in Sources */,
				E9F05E712C197BEA00D61413 /* ReminderListViewController.swift in Sources */,
				E9F05E852C198AE700D61413 /* Date+Today.swift in Sources */,
				E9F05E6D2C197BEA00D61413 /* AppDelegate.swift in Sources */,
				E97E26832C1AEDBC00F2C564 /* DatePickerContentView.swift in Sources */,
				E97E26872C1B68EF00F2C564 /* ProgressHeaderView.swift in Sources */,
				E9F05E952C19EE3E00D61413 /* ReminderViewController+Section.swift in Sources */,
				E97E267F2C1AE1C000F2C564 /* UIContentConfiguration+Stateless.swift in Sources */,
				E97E26782C1ADC8A00F2C564 /* ReminderViewController+CellConfiguration.swift in Sources */,
				E97E268B2C1B7A3100F2C564 /* TodayError.swift in Sources */,
				E97E268F2C1B7C1E00F2C564 /* Reminder+EKReminder.swift in Sources */,
				E97E26912C1B7D6C00F2C564 /* ReminderStore.swift .swift in Sources */,
				E9F05E6F2C197BEA00D61413 /* SceneDelegate.swift in Sources */,
				E97E26852C1B5E4200F2C564 /* ReminderListStyle.swift in Sources */,
				E9F05E912C19D05A00D61413 /* ReminderViewController.swift in Sources */,
				E9F05E932C19D1C000D61413 /* ReminderViewController+Row.swift in Sources */,
				E97E26892C1B772600F2C564 /* CAGradientLayer+ListStyle.swift in Sources */,
				E97E26812C1AE86800F2C564 /* TextViewContentView.swift in Sources */,
				E97E267B2C1ADEDE00F2C564 /* UIView+PinnedSubView.swift in Sources */,
				E9F05E832C197D9700D61413 /* Reminder.swift in Sources */,
				E9F05E8A2C19A47400D61413 /* ReminderDoneButton.swift in Sources */,
				E97E26932C1B8A0400F2C564 /* EKReminder+Reminder.swift .swift in Sources */,
				E97E267D2C1AE0AF00F2C564 /* TextFieldContentView.swift in Sources */,
				E97E268D2C1B7ACF00F2C564 /* EKEventStore+AsyncFetch.swift .swift in Sources */,
				E9F05E882C198D7E00D61413 /* ReminderListViewController+DataSource.swift in Sources */,
			);
			runOnlyForDeploymentPostprocessing = 0;
		};
/* End PBXSourcesBuildPhase section */

/* Begin PBXVariantGroup section */
		E9F05E722C197BEA00D61413 /* Main.storyboard */ = {
			isa = PBXVariantGroup;
			children = (
				E9F05E732C197BEA00D61413 /* Base */,
			);
			name = Main.storyboard;
			sourceTree = "<group>";
		};
		E9F05E772C197BEB00D61413 /* LaunchScreen.storyboard */ = {
			isa = PBXVariantGroup;
			children = (
				E9F05E782C197BEB00D61413 /* Base */,
			);
			name = LaunchScreen.storyboard;
			sourceTree = "<group>";
		};
/* End PBXVariantGroup section */

/* Begin XCBuildConfiguration section */
		E9F05E7B2C197BEB00D61413 /* Debug */ = {
			isa = XCBuildConfiguration;
			buildSettings = {
				ALWAYS_SEARCH_USER_PATHS = NO;
				ASSETCATALOG_COMPILER_GENERATE_SWIFT_ASSET_SYMBOL_EXTENSIONS = YES;
				CLANG_ANALYZER_NONNULL = YES;
				CLANG_ANALYZER_NUMBER_OBJECT_CONVERSION = YES_AGGRESSIVE;
				CLANG_CXX_LANGUAGE_STANDARD = "gnu++20";
				CLANG_ENABLE_MODULES = YES;
				CLANG_ENABLE_OBJC_ARC = YES;
				CLANG_ENABLE_OBJC_WEAK = YES;
				CLANG_WARN_BLOCK_CAPTURE_AUTORELEASING = YES;
				CLANG_WARN_BOOL_CONVERSION = YES;
				CLANG_WARN_COMMA = YES;
				CLANG_WARN_CONSTANT_CONVERSION = YES;
				CLANG_WARN_DEPRECATED_OBJC_IMPLEMENTATIONS = YES;
				CLANG_WARN_DIRECT_OBJC_ISA_USAGE = YES_ERROR;
				CLANG_WARN_DOCUMENTATION_COMMENTS = YES;
				CLANG_WARN_EMPTY_BODY = YES;
				CLANG_WARN_ENUM_CONVERSION = YES;
				CLANG_WARN_INFINITE_RECURSION = YES;
				CLANG_WARN_INT_CONVERSION = YES;
				CLANG_WARN_NON_LITERAL_NULL_CONVERSION = YES;
				CLANG_WARN_OBJC_IMPLICIT_RETAIN_SELF = YES;
				CLANG_WARN_OBJC_LITERAL_CONVERSION = YES;
				CLANG_WARN_OBJC_ROOT_CLASS = YES_ERROR;
				CLANG_WARN_QUOTED_INCLUDE_IN_FRAMEWORK_HEADER = YES;
				CLANG_WARN_RANGE_LOOP_ANALYSIS = YES;
				CLANG_WARN_STRICT_PROTOTYPES = YES;
				CLANG_WARN_SUSPICIOUS_MOVE = YES;
				CLANG_WARN_UNGUARDED_AVAILABILITY = YES_AGGRESSIVE;
				CLANG_WARN_UNREACHABLE_CODE = YES;
				CLANG_WARN__DUPLICATE_METHOD_MATCH = YES;
				COPY_PHASE_STRIP = NO;
				DEBUG_INFORMATION_FORMAT = dwarf;
				ENABLE_STRICT_OBJC_MSGSEND = YES;
				ENABLE_TESTABILITY = YES;
				ENABLE_USER_SCRIPT_SANDBOXING = YES;
				GCC_C_LANGUAGE_STANDARD = gnu17;
				GCC_DYNAMIC_NO_PIC = NO;
				GCC_NO_COMMON_BLOCKS = YES;
				GCC_OPTIMIZATION_LEVEL = 0;
				GCC_PREPROCESSOR_DEFINITIONS = (
					"DEBUG=1",
					"$(inherited)",
				);
				GCC_WARN_64_TO_32_BIT_CONVERSION = YES;
				GCC_WARN_ABOUT_RETURN_TYPE = YES_ERROR;
				GCC_WARN_UNDECLARED_SELECTOR = YES;
				GCC_WARN_UNINITIALIZED_AUTOS = YES_AGGRESSIVE;
				GCC_WARN_UNUSED_FUNCTION = YES;
				GCC_WARN_UNUSED_VARIABLE = YES;
				IPHONEOS_DEPLOYMENT_TARGET = 17.5;
				LOCALIZATION_PREFERS_STRING_CATALOGS = YES;
				MTL_ENABLE_DEBUG_INFO = INCLUDE_SOURCE;
				MTL_FAST_MATH = YES;
				ONLY_ACTIVE_ARCH = YES;
				SDKROOT = iphoneos;
				SWIFT_ACTIVE_COMPILATION_CONDITIONS = "DEBUG $(inherited)";
				SWIFT_OPTIMIZATION_LEVEL = "-Onone";
			};
			name = Debug;
		};
		E9F05E7C2C197BEB00D61413 /* Release */ = {
			isa = XCBuildConfiguration;
			buildSettings = {
				ALWAYS_SEARCH_USER_PATHS = NO;
				ASSETCATALOG_COMPILER_GENERATE_SWIFT_ASSET_SYMBOL_EXTENSIONS = YES;
				CLANG_ANALYZER_NONNULL = YES;
				CLANG_ANALYZER_NUMBER_OBJECT_CONVERSION = YES_AGGRESSIVE;
				CLANG_CXX_LANGUAGE_STANDARD = "gnu++20";
				CLANG_ENABLE_MODULES = YES;
				CLANG_ENABLE_OBJC_ARC = YES;
				CLANG_ENABLE_OBJC_WEAK = YES;
				CLANG_WARN_BLOCK_CAPTURE_AUTORELEASING = YES;
				CLANG_WARN_BOOL_CONVERSION = YES;
				CLANG_WARN_COMMA = YES;
				CLANG_WARN_CONSTANT_CONVERSION = YES;
				CLANG_WARN_DEPRECATED_OBJC_IMPLEMENTATIONS = YES;
				CLANG_WARN_DIRECT_OBJC_ISA_USAGE = YES_ERROR;
				CLANG_WARN_DOCUMENTATION_COMMENTS = YES;
				CLANG_WARN_EMPTY_BODY = YES;
				CLANG_WARN_ENUM_CONVERSION = YES;
				CLANG_WARN_INFINITE_RECURSION = YES;
				CLANG_WARN_INT_CONVERSION = YES;
				CLANG_WARN_NON_LITERAL_NULL_CONVERSION = YES;
				CLANG_WARN_OBJC_IMPLICIT_RETAIN_SELF = YES;
				CLANG_WARN_OBJC_LITERAL_CONVERSION = YES;
				CLANG_WARN_OBJC_ROOT_CLASS = YES_ERROR;
				CLANG_WARN_QUOTED_INCLUDE_IN_FRAMEWORK_HEADER = YES;
				CLANG_WARN_RANGE_LOOP_ANALYSIS = YES;
				CLANG_WARN_STRICT_PROTOTYPES = YES;
				CLANG_WARN_SUSPICIOUS_MOVE = YES;
				CLANG_WARN_UNGUARDED_AVAILABILITY = YES_AGGRESSIVE;
				CLANG_WARN_UNREACHABLE_CODE = YES;
				CLANG_WARN__DUPLICATE_METHOD_MATCH = YES;
				COPY_PHASE_STRIP = NO;
				DEBUG_INFORMATION_FORMAT = "dwarf-with-dsym";
				ENABLE_NS_ASSERTIONS = NO;
				ENABLE_STRICT_OBJC_MSGSEND = YES;
				ENABLE_USER_SCRIPT_SANDBOXING = YES;
				GCC_C_LANGUAGE_STANDARD = gnu17;
				GCC_NO_COMMON_BLOCKS = YES;
				GCC_WARN_64_TO_32_BIT_CONVERSION = YES;
				GCC_WARN_ABOUT_RETURN_TYPE = YES_ERROR;
				GCC_WARN_UNDECLARED_SELECTOR = YES;
				GCC_WARN_UNINITIALIZED_AUTOS = YES_AGGRESSIVE;
				GCC_WARN_UNUSED_FUNCTION = YES;
				GCC_WARN_UNUSED_VARIABLE = YES;
				IPHONEOS_DEPLOYMENT_TARGET = 17.5;
				LOCALIZATION_PREFERS_STRING_CATALOGS = YES;
				MTL_ENABLE_DEBUG_INFO = NO;
				MTL_FAST_MATH = YES;
				SDKROOT = iphoneos;
				SWIFT_COMPILATION_MODE = wholemodule;
				VALIDATE_PRODUCT = YES;
			};
			name = Release;
		};
		E9F05E7E2C197BEB00D61413 /* Debug */ = {
			isa = XCBuildConfiguration;
			buildSettings = {
				ASSETCATALOG_COMPILER_APPICON_NAME = AppIcon;
				ASSETCATALOG_COMPILER_GLOBAL_ACCENT_COLOR_NAME = AccentColor;
				CODE_SIGN_STYLE = Automatic;
				CURRENT_PROJECT_VERSION = 1;
				DEVELOPMENT_TEAM = DTCS3FW2RY;
				GENERATE_INFOPLIST_FILE = YES;
				INFOPLIST_FILE = Today/Info.plist;
				INFOPLIST_KEY_NSRemindersUsageDescription = "Your reminders can help you stay on track.";
				INFOPLIST_KEY_UIApplicationSupportsIndirectInputEvents = YES;
				INFOPLIST_KEY_UILaunchStoryboardName = LaunchScreen;
				INFOPLIST_KEY_UIMainStoryboardFile = Main;
				INFOPLIST_KEY_UISupportedInterfaceOrientations_iPad = "UIInterfaceOrientationPortrait UIInterfaceOrientationPortraitUpsideDown UIInterfaceOrientationLandscapeLeft UIInterfaceOrientationLandscapeRight";
				INFOPLIST_KEY_UISupportedInterfaceOrientations_iPhone = "UIInterfaceOrientationPortrait UIInterfaceOrientationLandscapeLeft UIInterfaceOrientationLandscapeRight";
				LD_RUNPATH_SEARCH_PATHS = (
					"$(inherited)",
					"@executable_path/Frameworks",
				);
				MARKETING_VERSION = 1.0;
				PRODUCT_BUNDLE_IDENTIFIER = com.temdenes.Today;
				PRODUCT_NAME = "$(TARGET_NAME)";
				SWIFT_EMIT_LOC_STRINGS = YES;
				SWIFT_VERSION = 5.0;
				TARGETED_DEVICE_FAMILY = "1,2";
			};
			name = Debug;
		};
		E9F05E7F2C197BEB00D61413 /* Release */ = {
			isa = XCBuildConfiguration;
			buildSettings = {
				ASSETCATALOG_COMPILER_APPICON_NAME = AppIcon;
				ASSETCATALOG_COMPILER_GLOBAL_ACCENT_COLOR_NAME = AccentColor;
				CODE_SIGN_STYLE = Automatic;
				CURRENT_PROJECT_VERSION = 1;
				DEVELOPMENT_TEAM = DTCS3FW2RY;
				GENERATE_INFOPLIST_FILE = YES;
				INFOPLIST_FILE = Today/Info.plist;
				INFOPLIST_KEY_NSRemindersUsageDescription = "Your reminders can help you stay on track.";
				INFOPLIST_KEY_UIApplicationSupportsIndirectInputEvents = YES;
				INFOPLIST_KEY_UILaunchStoryboardName = LaunchScreen;
				INFOPLIST_KEY_UIMainStoryboardFile = Main;
				INFOPLIST_KEY_UISupportedInterfaceOrientations_iPad = "UIInterfaceOrientationPortrait UIInterfaceOrientationPortraitUpsideDown UIInterfaceOrientationLandscapeLeft UIInterfaceOrientationLandscapeRight";
				INFOPLIST_KEY_UISupportedInterfaceOrientations_iPhone = "UIInterfaceOrientationPortrait UIInterfaceOrientationLandscapeLeft UIInterfaceOrientationLandscapeRight";
				LD_RUNPATH_SEARCH_PATHS = (
					"$(inherited)",
					"@executable_path/Frameworks",
				);
				MARKETING_VERSION = 1.0;
				PRODUCT_BUNDLE_IDENTIFIER = com.temdenes.Today;
				PRODUCT_NAME = "$(TARGET_NAME)";
				SWIFT_EMIT_LOC_STRINGS = YES;
				SWIFT_VERSION = 5.0;
				TARGETED_DEVICE_FAMILY = "1,2";
			};
			name = Release;
		};
/* End XCBuildConfiguration section */

/* Begin XCConfigurationList section */
		E9F05E642C197BEA00D61413 /* Build configuration list for PBXProject "Today" */ = {
			isa = XCConfigurationList;
			buildConfigurations = (
				E9F05E7B2C197BEB00D61413 /* Debug */,
				E9F05E7C2C197BEB00D61413 /* Release */,
			);
			defaultConfigurationIsVisible = 0;
			defaultConfigurationName = Release;
		};
		E9F05E7D2C197BEB00D61413 /* Build configuration list for PBXNativeTarget "Today" */ = {
			isa = XCConfigurationList;
			buildConfigurations = (
				E9F05E7E2C197BEB00D61413 /* Debug */,
				E9F05E7F2C197BEB00D61413 /* Release */,
			);
			defaultConfigurationIsVisible = 0;
			defaultConfigurationName = Release;
		};
/* End XCConfigurationList section */
	};
	rootObject = E9F05E612C197BEA00D61413 /* Project object */;
}
